{
  "version": 4,
  "terraform_version": "1.8.5",
  "serial": 1,
  "lineage": "1db7ef3d-875f-9904-9382-50b01e5e917a",
  "outputs": {},
  "resources": [
    {
      "mode": "managed",
      "type": "docker_image",
      "name": "ubuntu",
      "provider": "provider[\"registry.terraform.io/kreuzwerker/docker\"]",
      "instances": [
        {
          "schema_version": 0,
          "attributes": {
            "build": [],
            "force_remove": null,
            "id": "sha256:59ab366372d56772eb54e426183435e6b0642152cb449ec7ab52473af8ca6e3fubuntu:latest",
            "image_id": "sha256:59ab366372d56772eb54e426183435e6b0642152cb449ec7ab52473af8ca6e3f",
            "keep_locally": null,
            "name": "ubuntu:latest",
            "platform": null,
            "pull_triggers": null,
            "repo_digest": "ubuntu@sha256:99c35190e22d294cdace2783ac55effc69d32896daaa265f0bbedbcde4fbe3e5",
            "triggers": null
          },
          "sensitive_attributes": [],
          "private": "bnVsbA=="
        }
      ]
    }
  ],
  "check_results": null
}
